absl-py==2.5.1
annotated-doc==0.0.5
annotated-types==0.8.0
anyio==4.15.1
asttokens==3.0.2
certifi==2026.7.22
click==8.5.0
contourpy==1.4.0
cycler==0.12.1
executing==2.2.1
fastapi==0.143.0
fonttools==4.66.1
gdm-concordia==2.4.0
h11==0.16.0
httpcore==1.0.9
httpx==0.28.1
idna==3.20
iniconfig==2.3.1
ipython==9.17.1
ipython_pygments_lexers==1.1.1
jedi==0.20.0
kiwisolver==1.5.1
matplotlib==3.11.2
matplotlib-inline==0.2.2
numpy==2.5.3
opentelemetry-api==1.45.1
packaging==26.3
pandas==3.0.6
parso==0.8.7
pexpect==4.9.0
pillow==12.3.0
pluggy==1.6.0
prompt_toolkit==3.0.53
psutil==7.2.2
ptyprocess==0.7.0
pure_eval==0.2.4
pydantic==2.14.0
pydantic_core==2.50.0
Pygments==2.21.0
pyparsing==3.3.3
pytest==8.4.2
python-dateutil==2.9.0.post0
reactivex==5.1.0
six==1.17.0
stack-data==0.6.3
starlette==1.7.0
tenacity==9.2.1
termcolor==3.3.0
traitlets==5.16.1
typing-inspection==0.4.4
typing_extensions==4.16.0
uvicorn==0.54.0
wcwidth==0.9.2
